// !$*UTF8*$!
{
	archiveVersion = 1;
	classes = {
	};
	objectVersion = 55;
	objects = {

/* Begin PBXBuildFile section */
		84B0E9B12898F10C00A7BF9C /* Pinch_Zoom_SwiftUIApp.swift in Sources */ = {isa = PBXBuildFile; fileRef = 84B0E9B02898F10C00A7BF9C /* Pinch_Zoom_SwiftUIApp.swift */; };
		84B0E9B32898F10C00A7BF9C /* ContentView.swift in Sources */ = {isa = PBXBuildFile; fileRef = 84B0E9B22898F10C00A7BF9C /* ContentView.swift */; };
		84B0E9B52898F11300A7BF9C /* Assets.xcassets in Resources */ = {isa = PBXBuildFile; fileRef = 84B0E9B42898F11300A7BF9C /* Assets.xcassets */; };
		84B0E9B82898F11300A7BF9C /* Preview Assets.xcassets in Resources */ = {isa = PBXBuildFile; fileRef = 84B0E9B72898F11300A7BF9C /* Preview Assets.xcassets */; };
		84D54B312899316700A80F4B /* InfoPanelView.swift in Sources */ = {isa = PBXBuildFile; fileRef = 84D54B302899316600A80F4B /* InfoPanelView.swift */; };
		84D54B352899508200A80F4B /* ControlImageView.swift in Sources */ = {isa = PBXBuildFile; fileRef = 84D54B342899508200A80F4B /* ControlImageView.swift */; };
		84D54B37289957D000A80F4B /* PageModel.swift in Sources */ = {isa = PBXBuildFile; fileRef = 84D54B36289957D000A80F4B /* PageModel.swift */; };
		84D54B392899583C00A80F4B /* PageData.swift in Sources */ = {isa = PBXBuildFile; fileRef = 84D54B382899583C00A80F4B /* PageData.swift */; };
/* End PBXBuildFile section */

/* Begin PBXFileReference section */
		84B0E9AD2898F10C00A7BF9C /* Pinch&Zoom-SwiftUI.app */ = {isa = PBXFileReference; explicitFileType = wrapper.application; includeInIndex = 0; path = "Pinch&Zoom-SwiftUI.app"; sourceTree = BUILT_PRODUCTS_DIR; };
		84B0E9B02898F10C00A7BF9C /* Pinch_Zoom_SwiftUIApp.swift */ = {isa = PBXFileReference; lastKnownFileType = sourcecode.swift; path = Pinch_Zoom_SwiftUIApp.swift; sourceTree = "<group>"; };
		84B0E9B22898F10C00A7BF9C /* ContentView.swift */ = {isa = PBXFileReference; lastKnownFileType = sourcecode.swift; path = ContentView.swift; sourceTree = "<group>"; };
		84B0E9B42898F11300A7BF9C /* Assets.xcassets */ = {isa = PBXFileReference; lastKnownFileType = folder.assetcatalog; path = Assets.xcassets; sourceTree = "<group>"; };
		84B0E9B72898F11300A7BF9C /* Preview Assets.xcassets */ = {isa = PBXFileReference; lastKnownFileType = folder.assetcatalog; path = "Preview Assets.xcassets"; sourceTree = "<group>"; };
		84D54B302899316600A80F4B /* InfoPanelView.swift */ = {isa = PBXFileReference; lastKnownFileType = sourcecode.swift; path = InfoPanelView.swift; sourceTree = "<group>"; };
		84D54B342899508200A80F4B /* ControlImageView.swift */ = {isa = PBXFileReference; lastKnownFileType = sourcecode.swift; path = ControlImageView.swift; sourceTree = "<group>"; };
		84D54B36289957D000A80F4B /* PageModel.swift */ = {isa = PBXFileReference; lastKnownFileType = sourcecode.swift; path = PageModel.swift; sourceTree = "<group>"; };
		84D54B382899583C00A80F4B /* PageData.swift */ = {isa = PBXFileReference; lastKnownFileType = sourcecode.swift; path = PageData.swift; sourceTree = "<group>"; };
/* End PBXFileReference section */

/* Begin PBXFrameworksBuildPhase section */
		84B0E9AA2898F10C00A7BF9C /* Frameworks */ = {
			isa = PBXFrameworksBuildPhase;
			buildActionMask = 2147483647;
			files = (
			);
			runOnlyForDeploymentPostprocessing = 0;
		};
/* End PBXFrameworksBuildPhase section */

/* Begin PBXGroup section */
		84B0E9A42898F10C00A7BF9C = {
			isa = PBXGroup;
			children = (
				84B0E9AF2898F10C00A7BF9C /* Pinch&Zoom-SwiftUI */,
				84B0E9AE2898F10C00A7BF9C /* Products */,
			);
			sourceTree = "<group>";
		};
		84B0E9AE2898F10C00A7BF9C /* Products */ = {
			isa = PBXGroup;
			children = (
				84B0E9AD2898F10C00A7BF9C /* Pinch&Zoom-SwiftUI.app */,
			);
			name = Products;
			sourceTree = "<group>";
		};
		84B0E9AF2898F10C00A7BF9C /* Pinch&Zoom-SwiftUI */ = {
			isa = PBXGroup;
			children = (
				84B0E9C12898F43900A7BF9C /* Data */,
				84B0E9C22898F43F00A7BF9C /* Model */,
				84B0E9BF2898F42600A7BF9C /* View */,
				84B0E9B02898F10C00A7BF9C /* Pinch_Zoom_SwiftUIApp.swift */,
				84B0E9BE2898F41900A7BF9C /* Screen */,
				84B0E9B42898F11300A7BF9C /* Assets.xcassets */,
				84B0E9B62898F11300A7BF9C /* Preview Content */,
			);
			path = "Pinch&Zoom-SwiftUI";
			sourceTree = "<group>";
		};
		84B0E9B62898F11300A7BF9C /* Preview Content */ = {
			isa = PBXGroup;
			children = (
				84B0E9B72898F11300A7BF9C /* Preview Assets.xcassets */,
			);
			path = "Preview Content";
			sourceTree = "<group>";
		};
		84B0E9BE2898F41900A7BF9C /* Screen */ = {
			isa = PBXGroup;
			children = (
				84B0E9B22898F10C00A7BF9C /* ContentView.swift */,
			);
			path = Screen;
			sourceTree = "<group>";
		};
		84B0E9BF2898F42600A7BF9C /* View */ = {
			isa = PBXGroup;
			children = (
				84D54B302899316600A80F4B /* InfoPanelView.swift */,
				84D54B342899508200A80F4B /* ControlImageView.swift */,
			);
			path = View;
			sourceTree = "<group>";
		};
		84B0E9C12898F43900A7BF9C /* Data */ = {
			isa = PBXGroup;
			children = (
				84D54B382899583C00A80F4B /* PageData.swift */,
			);
			path = Data;
			sourceTree = "<group>";
		};
		84B0E9C22898F43F00A7BF9C /* Model */ = {
			isa = PBXGroup;
			children = (
				84D54B36289957D000A80F4B /* PageModel.swift */,
			);
			path = Model;
			sourceTree = "<group>";
		};
/* End PBXGroup section */

/* Begin PBXNativeTarget section */
		84B0E9AC2898F10C00A7BF9C /* Pinch&Zoom-SwiftUI */ = {
			isa = PBXNativeTarget;
			buildConfigurationList = 84B0E9BB2898F11300A7BF9C /* Build configuration list for PBXNativeTarget "Pinch&Zoom-SwiftUI" */;
			buildPhases = (
				84B0E9A92898F10C00A7BF9C /* Sources */,
				84B0E9AA2898F10C00A7BF9C /* Frameworks */,
				84B0E9AB2898F10C00A7BF9C /* Resources */,
			);
			buildRules = (
			);
			dependencies = (
			);
			name = "Pinch&Zoom-SwiftUI";
			productName = "Pinch&Zoom-SwiftUI";
			productReference = 84B0E9AD2898F10C00A7BF9C /* Pinch&Zoom-SwiftUI.app */;
			productType = "com.apple.product-type.application";
		};
/* End PBXNativeTarget section */

/* Begin PBXProject section */
		84B0E9A52898F10C00A7BF9C /* Project object */ = {
			isa = PBXProject;
			attributes = {
				BuildIndependentTargetsInParallel = 1;
				LastSwiftUpdateCheck = 1340;
				LastUpgradeCheck = 1340;
				TargetAttributes = {
					84B0E9AC2898F10C00A7BF9C = {
						CreatedOnToolsVersion = 13.4.1;
					};
				};
			};
			buildConfigurationList = 84B0E9A82898F10C00A7BF9C /* Build configuration list for PBXProject "Pinch&Zoom-SwiftUI" */;
			compatibilityVersion = "Xcode 13.0";
			developmentRegion = en;
			hasScannedForEncodings = 0;
			knownRegions = (
				en,
				Base,
			);
			mainGroup = 84B0E9A42898F10C00A7BF9C;
			productRefGroup = 84B0E9AE2898F10C00A7BF9C /* Products */;
			projectDirPath = "";
			projectRoot = "";
			targets = (
				84B0E9AC2898F10C00A7BF9C /* Pinch&Zoom-SwiftUI */,
			);
		};
/* End PBXProject section */

/* Begin PBXResourcesBuildPhase section */
		84B0E9AB2898F10C00A7BF9C /* Resources */ = {
			isa = PBXResourcesBuildPhase;
			buildActionMask = 2147483647;
			files = (
				84B0E9B82898F11300A7BF9C /* Preview Assets.xcassets in Resources */,
				84B0E9B52898F11300A7BF9C /* Assets.xcassets in Resources */,
			);
			runOnlyForDeploymentPostprocessing = 0;
		};
/* End PBXResourcesBuildPhase section */

/* Begin PBXSourcesBuildPhase section */
		84B0E9A92898F10C00A7BF9C /* Sources */ = {
			isa = PBXSourcesBuildPhase;
			buildActionMask = 2147483647;
			files = (
				84B0E9B32898F10C00A7BF9C /* ContentView.swift in Sources */,
				84D54B37289957D000A80F4B /* PageModel.swift in Sources */,
				84B0E9B12898F10C00A7BF9C /* Pinch_Zoom_SwiftUIApp.swift in Sources */,
				84D54B352899508200A80F4B /* ControlImageView.swift in Sources */,
				84D54B392899583C00A80F4B /* PageData.swift in Sources */,
				84D54B312899316700A80F4B /* InfoPanelView.swift in Sources */,
			);
			runOnlyForDeploymentPostprocessing = 0;
		};
/* End PBXSourcesBuildPhase section */

/* Begin XCBuildConfiguration section */
		84B0E9B92898F11300A7BF9C /* Debug */ = {
			isa = XCBuildConfiguration;
			buildSettings = {
				ALWAYS_SEARCH_USER_PATHS = NO;
				CLANG_ANALYZER_NONNULL = YES;
				CLANG_ANALYZER_NUMBER_OBJECT_CONVERSION = YES_AGGRESSIVE;
				CLANG_CXX_LANGUAGE_STANDARD = "gnu++17";
				CLANG_ENABLE_MODULES = YES;
				CLANG_ENABLE_OBJC_ARC = YES;
				CLANG_ENABLE_OBJC_WEAK = YES;
				CLANG_WARN_BLOCK_CAPTURE_AUTORELEASING = YES;
				CLANG_WARN_BOOL_CONVERSION = YES;
				CLANG_WARN_COMMA = YES;
				CLANG_WARN_CONSTANT_CONVERSION = YES;
				CLANG_WARN_DEPRECATED_OBJC_IMPLEMENTATIONS = YES;
				CLANG_WARN_DIRECT_OBJC_ISA_USAGE = YES_ERROR;
				CLANG_WARN_DOCUMENTATION_COMMENTS = YES;
				CLANG_WARN_EMPTY_BODY = YES;
				CLANG_WARN_ENUM_CONVERSION = YES;
				CLANG_WARN_INFINITE_RECURSION = YES;
				CLANG_WARN_INT_CONVERSION = YES;
				CLANG_WARN_NON_LITERAL_NULL_CONVERSION = YES;
				CLANG_WARN_OBJC_IMPLICIT_RETAIN_SELF = YES;
				CLANG_WARN_OBJC_LITERAL_CONVERSION = YES;
				CLANG_WARN_OBJC_ROOT_CLASS = YES_ERROR;
				CLANG_WARN_QUOTED_INCLUDE_IN_FRAMEWORK_HEADER = YES;
				CLANG_WARN_RANGE_LOOP_ANALYSIS = YES;
				CLANG_WARN_STRICT_PROTOTYPES = YES;
				CLANG_WARN_SUSPICIOUS_MOVE = YES;
				CLANG_WARN_UNGUARDED_AVAILABILITY = YES_AGGRESSIVE;
				CLANG_WARN_UNREACHABLE_CODE = YES;
				CLANG_WARN__DUPLICATE_METHOD_MATCH = YES;
				COPY_PHASE_STRIP = NO;
				DEBUG_INFORMATION_FORMAT = dwarf;
				ENABLE_STRICT_OBJC_MSGSEND = YES;
				ENABLE_TESTABILITY = YES;
				GCC_C_LANGUAGE_STANDARD = gnu11;
				GCC_DYNAMIC_NO_PIC = NO;
				GCC_NO_COMMON_BLOCKS = YES;
				GCC_OPTIMIZATION_LEVEL = 0;
				GCC_PREPROCESSOR_DEFINITIONS = (
					"DEBUG=1",
					"$(inherited)",
				);
				GCC_WARN_64_TO_32_BIT_CONVERSION = YES;
				GCC_WARN_ABOUT_RETURN_TYPE = YES_ERROR;
				GCC_WARN_UNDECLARED_SELECTOR = YES;
				GCC_WARN_UNINITIALIZED_AUTOS = YES_AGGRESSIVE;
				GCC_WARN_UNUSED_FUNCTION = YES;
				GCC_WARN_UNUSED_VARIABLE = YES;
				IPHONEOS_DEPLOYMENT_TARGET = 15.5;
				MTL_ENABLE_DEBUG_INFO = INCLUDE_SOURCE;
				MTL_FAST_MATH = YES;
				ONLY_ACTIVE_ARCH = YES;
				SDKROOT = iphoneos;
				SWIFT_ACTIVE_COMPILATION_CONDITIONS = DEBUG;
				SWIFT_OPTIMIZATION_LEVEL = "-Onone";
			};
			name = Debug;
		};
		84B0E9BA2898F11300A7BF9C /* Release */ = {
			isa = XCBuildConfiguration;
			buildSettings = {
				ALWAYS_SEARCH_USER_PATHS = NO;
				CLANG_ANALYZER_NONNULL = YES;
				CLANG_ANALYZER_NUMBER_OBJECT_CONVERSION = YES_AGGRESSIVE;
				CLANG_CXX_LANGUAGE_STANDARD = "gnu++17";
				CLANG_ENABLE_MODULES = YES;
				CLANG_ENABLE_OBJC_ARC = YES;
				CLANG_ENABLE_OBJC_WEAK = YES;
				CLANG_WARN_BLOCK_CAPTURE_AUTORELEASING = YES;
				CLANG_WARN_BOOL_CONVERSION = YES;
				CLANG_WARN_COMMA = YES;
				CLANG_WARN_CONSTANT_CONVERSION = YES;
				CLANG_WARN_DEPRECATED_OBJC_IMPLEMENTATIONS = YES;
				CLANG_WARN_DIRECT_OBJC_ISA_USAGE = YES_ERROR;
				CLANG_WARN_DOCUMENTATION_COMMENTS = YES;
				CLANG_WARN_EMPTY_BODY = YES;
				CLANG_WARN_ENUM_CONVERSION = YES;
				CLANG_WARN_INFINITE_RECURSION = YES;
				CLANG_WARN_INT_CONVERSION = YES;
				CLANG_WARN_NON_LITERAL_NULL_CONVERSION = YES;
				CLANG_WARN_OBJC_IMPLICIT_RETAIN_SELF = YES;
				CLANG_WARN_OBJC_LITERAL_CONVERSION = YES;
				CLANG_WARN_OBJC_ROOT_CLASS = YES_ERROR;
				CLANG_WARN_QUOTED_INCLUDE_IN_FRAMEWORK_HEADER = YES;
				CLANG_WARN_RANGE_LOOP_ANALYSIS = YES;
				CLANG_WARN_STRICT_PROTOTYPES = YES;
				CLANG_WARN_SUSPICIOUS_MOVE = YES;
				CLANG_WARN_UNGUARDED_AVAILABILITY = YES_AGGRESSIVE;
				CLANG_WARN_UNREACHABLE_CODE = YES;
				CLANG_WARN__DUPLICATE_METHOD_MATCH = YES;
				COPY_PHASE_STRIP = NO;
				DEBUG_INFORMATION_FORMAT = "dwarf-with-dsym";
				ENABLE_NS_ASSERTIONS = NO;
				ENABLE_STRICT_OBJC_MSGSEND = YES;
				GCC_C_LANGUAGE_STANDARD = gnu11;
				GCC_NO_COMMON_BLOCKS = YES;
				GCC_WARN_64_TO_32_BIT_CONVERSION = YES;
				GCC_WARN_ABOUT_RETURN_TYPE = YES_ERROR;
				GCC_WARN_UNDECLARED_SELECTOR = YES;
				GCC_WARN_UNINITIALIZED_AUTOS = YES_AGGRESSIVE;
				GCC_WARN_UNUSED_FUNCTION = YES;
				GCC_WARN_UNUSED_VARIABLE = YES;
				IPHONEOS_DEPLOYMENT_TARGET = 15.5;
				MTL_ENABLE_DEBUG_INFO = NO;
				MTL_FAST_MATH = YES;
				SDKROOT = iphoneos;
				SWIFT_COMPILATION_MODE = wholemodule;
				SWIFT_OPTIMIZATION_LEVEL = "-O";
				VALIDATE_PRODUCT = YES;
			};
			name = Release;
		};
		84B0E9BC2898F11300A7BF9C /* Debug */ = {
			isa = XCBuildConfiguration;
			buildSettings = {
				ASSETCATALOG_COMPILER_APPICON_NAME = AppIcon;
				ASSETCATALOG_COMPILER_GLOBAL_ACCENT_COLOR_NAME = AccentColor;
				CODE_SIGN_STYLE = Automatic;
				CURRENT_PROJECT_VERSION = 1;
				DEVELOPMENT_ASSET_PATHS = "\"Pinch&Zoom-SwiftUI/Preview Content\"";
				ENABLE_PREVIEWS = YES;
				GENERATE_INFOPLIST_FILE = YES;
				INFOPLIST_KEY_UIApplicationSceneManifest_Generation = YES;
				INFOPLIST_KEY_UIApplicationSupportsIndirectInputEvents = YES;
				INFOPLIST_KEY_UILaunchScreen_Generation = YES;
				INFOPLIST_KEY_UISupportedInterfaceOrientations = UIInterfaceOrientationPortrait;
				INFOPLIST_KEY_UISupportedInterfaceOrientations_iPad = "UIInterfaceOrientationPortrait UIInterfaceOrientationPortraitUpsideDown UIInterfaceOrientationLandscapeLeft UIInterfaceOrientationLandscapeRight";
				INFOPLIST_KEY_UISupportedInterfaceOrientations_iPhone = "UIInterfaceOrientationPortrait UIInterfaceOrientationLandscapeLeft UIInterfaceOrientationLandscapeRight";
				LD_RUNPATH_SEARCH_PATHS = (
					"$(inherited)",
					"@executable_path/Frameworks",
				);
				MARKETING_VERSION = 1.0;
				PRODUCT_BUNDLE_IDENTIFIER = "aapna.Pinch-Zoom-SwiftUI";
				PRODUCT_NAME = "$(TARGET_NAME)";
				SWIFT_EMIT_LOC_STRINGS = YES;
				SWIFT_VERSION = 5.0;
				TARGETED_DEVICE_FAMILY = "1,2";
			};
			name = Debug;
		};
		84B0E9BD2898F11300A7BF9C /* Release */ = {
			isa = XCBuildConfiguration;
			buildSettings = {
				ASSETCATALOG_COMPILER_APPICON_NAME = AppIcon;
				ASSETCATALOG_COMPILER_GLOBAL_ACCENT_COLOR_NAME = AccentColor;
				CODE_SIGN_STYLE = Automatic;
				CURRENT_PROJECT_VERSION = 1;
				DEVELOPMENT_ASSET_PATHS = "\"Pinch&Zoom-SwiftUI/Preview Content\"";
				ENABLE_PREVIEWS = YES;
				GENERATE_INFOPLIST_FILE = YES;
				INFOPLIST_KEY_UIApplicationSceneManifest_Generation = YES;
				INFOPLIST_KEY_UIApplicationSupportsIndirectInputEvents = YES;
				INFOPLIST_KEY_UILaunchScreen_Generation = YES;
				INFOPLIST_KEY_UISupportedInterfaceOrientations = UIInterfaceOrientationPortrait;
				INFOPLIST_KEY_UISupportedInterfaceOrientations_iPad = "UIInterfaceOrientationPortrait UIInterfaceOrientationPortraitUpsideDown UIInterfaceOrientationLandscapeLeft UIInterfaceOrientationLandscapeRight";
				INFOPLIST_KEY_UISupportedInterfaceOrientations_iPhone = "UIInterfaceOrientationPortrait UIInterfaceOrientationLandscapeLeft UIInterfaceOrientationLandscapeRight";
				LD_RUNPATH_SEARCH_PATHS = (
					"$(inherited)",
					"@executable_path/Frameworks",
				);
				MARKETING_VERSION = 1.0;
				PRODUCT_BUNDLE_IDENTIFIER = "aapna.Pinch-Zoom-SwiftUI";
				PRODUCT_NAME = "$(TARGET_NAME)";
				SWIFT_EMIT_LOC_STRINGS = YES;
				SWIFT_VERSION = 5.0;
				TARGETED_DEVICE_FAMILY = "1,2";
			};
			name = Release;
		};
/* End XCBuildConfiguration section */

/* Begin XCConfigurationList section */
		84B0E9A82898F10C00A7BF9C /* Build configuration list for PBXProject "Pinch&Zoom-SwiftUI" */ = {
			isa = XCConfigurationList;
			buildConfigurations = (
				84B0E9B92898F11300A7BF9C /* Debug */,
				84B0E9BA2898F11300A7BF9C /* Release */,
			);
			defaultConfigurationIsVisible = 0;
			defaultConfigurationName = Release;
		};
		84B0E9BB2898F11300A7BF9C /* Build configuration list for PBXNativeTarget "Pinch&Zoom-SwiftUI" */ = {
			isa = XCConfigurationList;
			buildConfigurations = (
				84B0E9BC2898F11300A7BF9C /* Debug */,
				84B0E9BD2898F11300A7BF9C /* Release */,
			);
			defaultConfigurationIsVisible = 0;
			defaultConfigurationName = Release;
		};
/* End XCConfigurationList section */
	};
	rootObject = 84B0E9A52898F10C00A7BF9C /* Project object */;
}
